// !$*UTF8*$!
{
	archiveVersion = 1;
	classes = {
	};
	objectVersion = 56;
	objects = {

/* Begin PBXBuildFile section */
		6B0DDBCE2CA02DE400395A0F /* SafariView.swift in Sources */ = {isa = PBXBuildFile; fileRef = 6B0DDBCD2CA02DE400395A0F /* SafariView.swift */; };
		6B0DDBD02CA0354600395A0F /* FrameworkTitleView.swift in Sources */ = {isa = PBXBuildFile; fileRef = 6B0DDBCF2CA0354600395A0F /* FrameworkTitleView.swift */; };
		6B0DDBD22CA0360400395A0F /* XDismissButton.swift in Sources */ = {isa = PBXBuildFile; fileRef = 6B0DDBD12CA0360400395A0F /* XDismissButton.swift */; };
		6BE96CF02CA00E1100AB5131 /* Apple_FrameworksApp.swift in Sources */ = {isa = PBXBuildFile; fileRef = 6BE96CEF2CA00E1100AB5131 /* Apple_FrameworksApp.swift */; };
		6BE96CF42CA00E1900AB5131 /* Assets.xcassets in Resources */ = {isa = PBXBuildFile; fileRef = 6BE96CF32CA00E1900AB5131 /* Assets.xcassets */; };
		6BE96CF72CA00E1900AB5131 /* Preview Assets.xcassets in Resources */ = {isa = PBXBuildFile; fileRef = 6BE96CF62CA00E1900AB5131 /* Preview Assets.xcassets */; };
		6BE96CFE2CA00E4600AB5131 /* Framework.swift in Sources */ = {isa = PBXBuildFile; fileRef = 6BE96CFD2CA00E4600AB5131 /* Framework.swift */; };
		6BE96D002CA011D200AB5131 /* FrameworkGridView.swift in Sources */ = {isa = PBXBuildFile; fileRef = 6BE96CFF2CA011D200AB5131 /* FrameworkGridView.swift */; };
		6BE96D022CA01C6F00AB5131 /* FrameworkDetailView.swift in Sources */ = {isa = PBXBuildFile; fileRef = 6BE96D012CA01C6F00AB5131 /* FrameworkDetailView.swift */; };
		6BE96D042CA0213A00AB5131 /* AFButton.swift in Sources */ = {isa = PBXBuildFile; fileRef = 6BE96D032CA0213A00AB5131 /* AFButton.swift */; };
		6BE96D072CA0256000AB5131 /* FrameworkGridViewModel.swift in Sources */ = {isa = PBXBuildFile; fileRef = 6BE96D062CA0256000AB5131 /* FrameworkGridViewModel.swift */; };
/* End PBXBuildFile section */

/* Begin PBXFileReference section */
		6B0DDBCD2CA02DE400395A0F /* SafariView.swift */ = {isa = PBXFileReference; lastKnownFileType = sourcecode.swift; path = SafariView.swift; sourceTree = "<group>"; };
		6B0DDBCF2CA0354600395A0F /* FrameworkTitleView.swift */ = {isa = PBXFileReference; lastKnownFileType = sourcecode.swift; path = FrameworkTitleView.swift; sourceTree = "<group>"; };
		6B0DDBD12CA0360400395A0F /* XDismissButton.swift */ = {isa = PBXFileReference; lastKnownFileType = sourcecode.swift; path = XDismissButton.swift; sourceTree = "<group>"; };
		6BE96CEC2CA00E1100AB5131 /* Apple-Frameworks.app */ = {isa = PBXFileReference; explicitFileType = wrapper.application; includeInIndex = 0; path = "Apple-Frameworks.app"; sourceTree = BUILT_PRODUCTS_DIR; };
		6BE96CEF2CA00E1100AB5131 /* Apple_FrameworksApp.swift */ = {isa = PBXFileReference; lastKnownFileType = sourcecode.swift; path = Apple_FrameworksApp.swift; sourceTree = "<group>"; };
		6BE96CF32CA00E1900AB5131 /* Assets.xcassets */ = {isa = PBXFileReference; lastKnownFileType = folder.assetcatalog; path = Assets.xcassets; sourceTree = "<group>"; };
		6BE96CF62CA00E1900AB5131 /* Preview Assets.xcassets */ = {isa = PBXFileReference; lastKnownFileType = folder.assetcatalog; path = "Preview Assets.xcassets"; sourceTree = "<group>"; };
		6BE96CFD2CA00E4600AB5131 /* Framework.swift */ = {isa = PBXFileReference; lastKnownFileType = sourcecode.swift; path = Framework.swift; sourceTree = "<group>"; };
		6BE96CFF2CA011D200AB5131 /* FrameworkGridView.swift */ = {isa = PBXFileReference; lastKnownFileType = sourcecode.swift; path = FrameworkGridView.swift; sourceTree = "<group>"; };
		6BE96D012CA01C6F00AB5131 /* FrameworkDetailView.swift */ = {isa = PBXFileReference; lastKnownFileType = sourcecode.swift; path = FrameworkDetailView.swift; sourceTree = "<group>"; };
		6BE96D032CA0213A00AB5131 /* AFButton.swift */ = {isa = PBXFileReference; lastKnownFileType = sourcecode.swift; path = AFButton.swift; sourceTree = "<group>"; };
		6BE96D062CA0256000AB5131 /* FrameworkGridViewModel.swift */ = {isa = PBXFileReference; lastKnownFileType = sourcecode.swift; path = FrameworkGridViewModel.swift; sourceTree = "<group>"; };
/* End PBXFileReference section */

/* Begin PBXFrameworksBuildPhase section */
		6BE96CE92CA00E1100AB5131 /* Frameworks */ = {
			isa = PBXFrameworksBuildPhase;
			buildActionMask = 2147483647;
			files = (
			);
			runOnlyForDeploymentPostprocessing = 0;
		};
/* End PBXFrameworksBuildPhase section */

/* Begin PBXGroup section */
		6B0DDBD32CA037D000395A0F /* Screens */ = {
			isa = PBXGroup;
			children = (
				6B0DDBD42CA037DC00395A0F /* FrameWorkGrid */,
				6B0DDBD52CA0380700395A0F /* FrameworkDetail */,
			);
			path = Screens;
			sourceTree = "<group>";
		};
		6B0DDBD42CA037DC00395A0F /* FrameWorkGrid */ = {
			isa = PBXGroup;
			children = (
				6BE96D062CA0256000AB5131 /* FrameworkGridViewModel.swift */,
				6BE96CFF2CA011D200AB5131 /* FrameworkGridView.swift */,
			);
			path = FrameWorkGrid;
			sourceTree = "<group>";
		};
		6B0DDBD52CA0380700395A0F /* FrameworkDetail */ = {
			isa = PBXGroup;
			children = (
				6BE96D012CA01C6F00AB5131 /* FrameworkDetailView.swift */,
			);
			path = FrameworkDetail;
			sourceTree = "<group>";
		};
		6B0DDBD62CA0385200395A0F /* Model */ = {
			isa = PBXGroup;
			children = (
				6BE96CFD2CA00E4600AB5131 /* Framework.swift */,
			);
			path = Model;
			sourceTree = "<group>";
		};
		6B0DDBD72CA0386600395A0F /* Views */ = {
			isa = PBXGroup;
			children = (
				6B0DDBD92CA0388300395A0F /* View */,
				6B0DDBD82CA0386E00395A0F /* Buttons */,
			);
			path = Views;
			sourceTree = "<group>";
		};
		6B0DDBD82CA0386E00395A0F /* Buttons */ = {
			isa = PBXGroup;
			children = (
				6BE96D032CA0213A00AB5131 /* AFButton.swift */,
				6B0DDBD12CA0360400395A0F /* XDismissButton.swift */,
			);
			path = Buttons;
			sourceTree = "<group>";
		};
		6B0DDBD92CA0388300395A0F /* View */ = {
			isa = PBXGroup;
			children = (
				6B0DDBCF2CA0354600395A0F /* FrameworkTitleView.swift */,
			);
			path = View;
			sourceTree = "<group>";
		};
		6B0DDBDA2CA0389200395A0F /* UIKit Components */ = {
			isa = PBXGroup;
			children = (
				6B0DDBCD2CA02DE400395A0F /* SafariView.swift */,
			);
			path = "UIKit Components";
			sourceTree = "<group>";
		};
		6BE96CE32CA00E1100AB5131 = {
			isa = PBXGroup;
			children = (
				6BE96CEE2CA00E1100AB5131 /* Apple-Frameworks */,
				6BE96CED2CA00E1100AB5131 /* Products */,
			);
			sourceTree = "<group>";
		};
		6BE96CED2CA00E1100AB5131 /* Products */ = {
			isa = PBXGroup;
			children = (
				6BE96CEC2CA00E1100AB5131 /* Apple-Frameworks.app */,
			);
			name = Products;
			sourceTree = "<group>";
		};
		6BE96CEE2CA00E1100AB5131 /* Apple-Frameworks */ = {
			isa = PBXGroup;
			children = (
				6B0DDBDA2CA0389200395A0F /* UIKit Components */,
				6B0DDBD72CA0386600395A0F /* Views */,
				6B0DDBD62CA0385200395A0F /* Model */,
				6B0DDBD32CA037D000395A0F /* Screens */,
				6BE96CEF2CA00E1100AB5131 /* Apple_FrameworksApp.swift */,
				6BE96CF32CA00E1900AB5131 /* Assets.xcassets */,
				6BE96CF52CA00E1900AB5131 /* Preview Content */,
			);
			path = "Apple-Frameworks";
			sourceTree = "<group>";
		};
		6BE96CF52CA00E1900AB5131 /* Preview Content */ = {
			isa = PBXGroup;
			children = (
				6BE96CF62CA00E1900AB5131 /* Preview Assets.xcassets */,
			);
			path = "Preview Content";
			sourceTree = "<group>";
		};
/* End PBXGroup section */

/* Begin PBXNativeTarget section */
		6BE96CEB2CA00E1100AB5131 /* Apple-Frameworks */ = {
			isa = PBXNativeTarget;
			buildConfigurationList = 6BE96CFA2CA00E1900AB5131 /* Build configuration list for PBXNativeTarget "Apple-Frameworks" */;
			buildPhases = (
				6BE96CE82CA00E1100AB5131 /* Sources */,
				6BE96CE92CA00E1100AB5131 /* Frameworks */,
				6BE96CEA2CA00E1100AB5131 /* Resources */,
			);
			buildRules = (
			);
			dependencies = (
			);
			name = "Apple-Frameworks";
			productName = "Apple-Frameworks";
			productReference = 6BE96CEC2CA00E1100AB5131 /* Apple-Frameworks.app */;
			productType = "com.apple.product-type.application";
		};
/* End PBXNativeTarget section */

/* Begin PBXProject section */
		6BE96CE42CA00E1100AB5131 /* Project object */ = {
			isa = PBXProject;
			attributes = {
				BuildIndependentTargetsInParallel = 1;
				LastSwiftUpdateCheck = 1420;
				LastUpgradeCheck = 1420;
				TargetAttributes = {
					6BE96CEB2CA00E1100AB5131 = {
						CreatedOnToolsVersion = 14.2;
					};
				};
			};
			buildConfigurationList = 6BE96CE72CA00E1100AB5131 /* Build configuration list for PBXProject "Apple-Frameworks" */;
			compatibilityVersion = "Xcode 14.0";
			developmentRegion = en;
			hasScannedForEncodings = 0;
			knownRegions = (
				en,
				Base,
			);
			mainGroup = 6BE96CE32CA00E1100AB5131;
			productRefGroup = 6BE96CED2CA00E1100AB5131 /* Products */;
			projectDirPath = "";
			projectRoot = "";
			targets = (
				6BE96CEB2CA00E1100AB5131 /* Apple-Frameworks */,
			);
		};
/* End PBXProject section */

/* Begin PBXResourcesBuildPhase section */
		6BE96CEA2CA00E1100AB5131 /* Resources */ = {
			isa = PBXResourcesBuildPhase;
			buildActionMask = 2147483647;
			files = (
				6BE96CF72CA00E1900AB5131 /* Preview Assets.xcassets in Resources */,
				6BE96CF42CA00E1900AB5131 /* Assets.xcassets in Resources */,
			);
			runOnlyForDeploymentPostprocessing = 0;
		};
/* End PBXResourcesBuildPhase section */

/* Begin PBXSourcesBuildPhase section */
		6BE96CE82CA00E1100AB5131 /* Sources */ = {
			isa = PBXSourcesBuildPhase;
			buildActionMask = 2147483647;
			files = (
				6BE96D022CA01C6F00AB5131 /* FrameworkDetailView.swift in Sources */,
				6BE96D002CA011D200AB5131 /* FrameworkGridView.swift in Sources */,
				6B0DDBD22CA0360400395A0F /* XDismissButton.swift in Sources */,
				6BE96CFE2CA00E4600AB5131 /* Framework.swift in Sources */,
				6BE96D042CA0213A00AB5131 /* AFButton.swift in Sources */,
				6BE96CF02CA00E1100AB5131 /* Apple_FrameworksApp.swift in Sources */,
				6BE96D072CA0256000AB5131 /* FrameworkGridViewModel.swift in Sources */,
				6B0DDBD02CA0354600395A0F /* FrameworkTitleView.swift in Sources */,
				6B0DDBCE2CA02DE400395A0F /* SafariView.swift in Sources */,
			);
			runOnlyForDeploymentPostprocessing = 0;
		};
/* End PBXSourcesBuildPhase section */

/* Begin XCBuildConfiguration section */
		6BE96CF82CA00E1900AB5131 /* Debug */ = {
			isa = XCBuildConfiguration;
			buildSettings = {
				ALWAYS_SEARCH_USER_PATHS = NO;
				CLANG_ANALYZER_NONNULL = YES;
				CLANG_ANALYZER_NUMBER_OBJECT_CONVERSION = YES_AGGRESSIVE;
				CLANG_CXX_LANGUAGE_STANDARD = "gnu++20";
				CLANG_ENABLE_MODULES = YES;
				CLANG_ENABLE_OBJC_ARC = YES;
				CLANG_ENABLE_OBJC_WEAK = YES;
				CLANG_WARN_BLOCK_CAPTURE_AUTORELEASING = YES;
				CLANG_WARN_BOOL_CONVERSION = YES;
				CLANG_WARN_COMMA = YES;
				CLANG_WARN_CONSTANT_CONVERSION = YES;
				CLANG_WARN_DEPRECATED_OBJC_IMPLEMENTATIONS = YES;
				CLANG_WARN_DIRECT_OBJC_ISA_USAGE = YES_ERROR;
				CLANG_WARN_DOCUMENTATION_COMMENTS = YES;
				CLANG_WARN_EMPTY_BODY = YES;
				CLANG_WARN_ENUM_CONVERSION = YES;
				CLANG_WARN_INFINITE_RECURSION = YES;
				CLANG_WARN_INT_CONVERSION = YES;
				CLANG_WARN_NON_LITERAL_NULL_CONVERSION = YES;
				CLANG_WARN_OBJC_IMPLICIT_RETAIN_SELF = YES;
				CLANG_WARN_OBJC_LITERAL_CONVERSION = YES;
				CLANG_WARN_OBJC_ROOT_CLASS = YES_ERROR;
				CLANG_WARN_QUOTED_INCLUDE_IN_FRAMEWORK_HEADER = YES;
				CLANG_WARN_RANGE_LOOP_ANALYSIS = YES;
				CLANG_WARN_STRICT_PROTOTYPES = YES;
				CLANG_WARN_SUSPICIOUS_MOVE = YES;
				CLANG_WARN_UNGUARDED_AVAILABILITY = YES_AGGRESSIVE;
				CLANG_WARN_UNREACHABLE_CODE = YES;
				CLANG_WARN__DUPLICATE_METHOD_MATCH = YES;
				COPY_PHASE_STRIP = NO;
				DEBUG_INFORMATION_FORMAT = dwarf;
				ENABLE_STRICT_OBJC_MSGSEND = YES;
				ENABLE_TESTABILITY = YES;
				GCC_C_LANGUAGE_STANDARD = gnu11;
				GCC_DYNAMIC_NO_PIC = NO;
				GCC_NO_COMMON_BLOCKS = YES;
				GCC_OPTIMIZATION_LEVEL = 0;
				GCC_PREPROCESSOR_DEFINITIONS = (
					"DEBUG=1",
					"$(inherited)",
				);
				GCC_WARN_64_TO_32_BIT_CONVERSION = YES;
				GCC_WARN_ABOUT_RETURN_TYPE = YES_ERROR;
				GCC_WARN_UNDECLARED_SELECTOR = YES;
				GCC_WARN_UNINITIALIZED_AUTOS = YES_AGGRESSIVE;
				GCC_WARN_UNUSED_FUNCTION = YES;
				GCC_WARN_UNUSED_VARIABLE = YES;
				IPHONEOS_DEPLOYMENT_TARGET = 16.2;
				MTL_ENABLE_DEBUG_INFO = INCLUDE_SOURCE;
				MTL_FAST_MATH = YES;
				ONLY_ACTIVE_ARCH = YES;
				SDKROOT = iphoneos;
				SWIFT_ACTIVE_COMPILATION_CONDITIONS = DEBUG;
				SWIFT_OPTIMIZATION_LEVEL = "-Onone";
			};
			name = Debug;
		};
		6BE96CF92CA00E1900AB5131 /* Release */ = {
			isa = XCBuildConfiguration;
			buildSettings = {
				ALWAYS_SEARCH_USER_PATHS = NO;
				CLANG_ANALYZER_NONNULL = YES;
				CLANG_ANALYZER_NUMBER_OBJECT_CONVERSION = YES_AGGRESSIVE;
				CLANG_CXX_LANGUAGE_STANDARD = "gnu++20";
				CLANG_ENABLE_MODULES = YES;
				CLANG_ENABLE_OBJC_ARC = YES;
				CLANG_ENABLE_OBJC_WEAK = YES;
				CLANG_WARN_BLOCK_CAPTURE_AUTORELEASING = YES;
				CLANG_WARN_BOOL_CONVERSION = YES;
				CLANG_WARN_COMMA = YES;
				CLANG_WARN_CONSTANT_CONVERSION = YES;
				CLANG_WARN_DEPRECATED_OBJC_IMPLEMENTATIONS = YES;
				CLANG_WARN_DIRECT_OBJC_ISA_USAGE = YES_ERROR;
				CLANG_WARN_DOCUMENTATION_COMMENTS = YES;
				CLANG_WARN_EMPTY_BODY = YES;
				CLANG_WARN_ENUM_CONVERSION = YES;
				CLANG_WARN_INFINITE_RECURSION = YES;
				CLANG_WARN_INT_CONVERSION = YES;
				CLANG_WARN_NON_LITERAL_NULL_CONVERSION = YES;
				CLANG_WARN_OBJC_IMPLICIT_RETAIN_SELF = YES;
				CLANG_WARN_OBJC_LITERAL_CONVERSION = YES;
				CLANG_WARN_OBJC_ROOT_CLASS = YES_ERROR;
				CLANG_WARN_QUOTED_INCLUDE_IN_FRAMEWORK_HEADER = YES;
				CLANG_WARN_RANGE_LOOP_ANALYSIS = YES;
				CLANG_WARN_STRICT_PROTOTYPES = YES;
				CLANG_WARN_SUSPICIOUS_MOVE = YES;
				CLANG_WARN_UNGUARDED_AVAILABILITY = YES_AGGRESSIVE;
				CLANG_WARN_UNREACHABLE_CODE = YES;
				CLANG_WARN__DUPLICATE_METHOD_MATCH = YES;
				COPY_PHASE_STRIP = NO;
				DEBUG_INFORMATION_FORMAT = "dwarf-with-dsym";
				ENABLE_NS_ASSERTIONS = NO;
				ENABLE_STRICT_OBJC_MSGSEND = YES;
				GCC_C_LANGUAGE_STANDARD = gnu11;
				GCC_NO_COMMON_BLOCKS = YES;
				GCC_WARN_64_TO_32_BIT_CONVERSION = YES;
				GCC_WARN_ABOUT_RETURN_TYPE = YES_ERROR;
				GCC_WARN_UNDECLARED_SELECTOR = YES;
				GCC_WARN_UNINITIALIZED_AUTOS = YES_AGGRESSIVE;
				GCC_WARN_UNUSED_FUNCTION = YES;
				GCC_WARN_UNUSED_VARIABLE = YES;
				IPHONEOS_DEPLOYMENT_TARGET = 16.2;
				MTL_ENABLE_DEBUG_INFO = NO;
				MTL_FAST_MATH = YES;
				SDKROOT = iphoneos;
				SWIFT_COMPILATION_MODE = wholemodule;
				SWIFT_OPTIMIZATION_LEVEL = "-O";
				VALIDATE_PRODUCT = YES;
			};
			name = Release;
		};
		6BE96CFB2CA00E1900AB5131 /* Debug */ = {
			isa = XCBuildConfiguration;
			buildSettings = {
				ASSETCATALOG_COMPILER_APPICON_NAME = AppIcon;
				ASSETCATALOG_COMPILER_GLOBAL_ACCENT_COLOR_NAME = AccentColor;
				CODE_SIGN_STYLE = Automatic;
				CURRENT_PROJECT_VERSION = 1;
				DEVELOPMENT_ASSET_PATHS = "\"Apple-Frameworks/Preview Content\"";
				DEVELOPMENT_TEAM = HDZ2C7R44T;
				ENABLE_PREVIEWS = YES;
				GENERATE_INFOPLIST_FILE = YES;
				INFOPLIST_KEY_UIApplicationSceneManifest_Generation = YES;
				INFOPLIST_KEY_UIApplicationSupportsIndirectInputEvents = YES;
				INFOPLIST_KEY_UILaunchScreen_Generation = YES;
				INFOPLIST_KEY_UISupportedInterfaceOrientations_iPad = "UIInterfaceOrientationPortrait UIInterfaceOrientationPortraitUpsideDown UIInterfaceOrientationLandscapeLeft UIInterfaceOrientationLandscapeRight";
				INFOPLIST_KEY_UISupportedInterfaceOrientations_iPhone = "UIInterfaceOrientationPortrait UIInterfaceOrientationLandscapeLeft UIInterfaceOrientationLandscapeRight";
				LD_RUNPATH_SEARCH_PATHS = (
					"$(inherited)",
					"@executable_path/Frameworks",
				);
				MARKETING_VERSION = 1.0;
				PRODUCT_BUNDLE_IDENTIFIER = "com.example.Apple-Frameworks";
				PRODUCT_NAME = "$(TARGET_NAME)";
				SWIFT_EMIT_LOC_STRINGS = YES;
				SWIFT_VERSION = 5.0;
				TARGETED_DEVICE_FAMILY = "1,2";
			};
			name = Debug;
		};
		6BE96CFC2CA00E1900AB5131 /* Release */ = {
			isa = XCBuildConfiguration;
			buildSettings = {
				ASSETCATALOG_COMPILER_APPICON_NAME = AppIcon;
				ASSETCATALOG_COMPILER_GLOBAL_ACCENT_COLOR_NAME = AccentColor;
				CODE_SIGN_STYLE = Automatic;
				CURRENT_PROJECT_VERSION = 1;
				DEVELOPMENT_ASSET_PATHS = "\"Apple-Frameworks/Preview Content\"";
				DEVELOPMENT_TEAM = HDZ2C7R44T;
				ENABLE_PREVIEWS = YES;
				GENERATE_INFOPLIST_FILE = YES;
				INFOPLIST_KEY_UIApplicationSceneManifest_Generation = YES;
				INFOPLIST_KEY_UIApplicationSupportsIndirectInputEvents = YES;
				INFOPLIST_KEY_UILaunchScreen_Generation = YES;
				INFOPLIST_KEY_UISupportedInterfaceOrientations_iPad = "UIInterfaceOrientationPortrait UIInterfaceOrientationPortraitUpsideDown UIInterfaceOrientationLandscapeLeft UIInterfaceOrientationLandscapeRight";
				INFOPLIST_KEY_UISupportedInterfaceOrientations_iPhone = "UIInterfaceOrientationPortrait UIInterfaceOrientationLandscapeLeft UIInterfaceOrientationLandscapeRight";
				LD_RUNPATH_SEARCH_PATHS = (
					"$(inherited)",
					"@executable_path/Frameworks",
				);
				MARKETING_VERSION = 1.0;
				PRODUCT_BUNDLE_IDENTIFIER = "com.example.Apple-Frameworks";
				PRODUCT_NAME = "$(TARGET_NAME)";
				SWIFT_EMIT_LOC_STRINGS = YES;
				SWIFT_VERSION = 5.0;
				TARGETED_DEVICE_FAMILY = "1,2";
			};
			name = Release;
		};
/* End XCBuildConfiguration section */

/* Begin XCConfigurationList section */
		6BE96CE72CA00E1100AB5131 /* Build configuration list for PBXProject "Apple-Frameworks" */ = {
			isa = XCConfigurationList;
			buildConfigurations = (
				6BE96CF82CA00E1900AB5131 /* Debug */,
				6BE96CF92CA00E1900AB5131 /* Release */,
			);
			defaultConfigurationIsVisible = 0;
			defaultConfigurationName = Release;
		};
		6BE96CFA2CA00E1900AB5131 /* Build configuration list for PBXNativeTarget "Apple-Frameworks" */ = {
			isa = XCConfigurationList;
			buildConfigurations = (
				6BE96CFB2CA00E1900AB5131 /* Debug */,
				6BE96CFC2CA00E1900AB5131 /* Release */,
			);
			defaultConfigurationIsVisible = 0;
			defaultConfigurationName = Release;
		};
/* End XCConfigurationList section */
	};
	rootObject = 6BE96CE42CA00E1100AB5131 /* Project object */;
}
